<?xml version="1.0" encoding="utf-8"?>
<Project ToolsVersion="4.0" xmlns="http://schemas.microsoft.com/developer/msbuild/2003">
  <ItemGroup>
    <Filter Include="..">
      <UniqueIdentifier>{61705900-4DFC-870B-B6AA-880BA255880B}</UniqueIdentifier>
    </Filter>
    <Filter Include="..\AssetClasses">
      <UniqueIdentifier>{3EBD9B7A-AA48-093F-B359-8C331F64653F}</UniqueIdentifier>
    </Filter>
    <Filter Include="..\External">
      <UniqueIdentifier>{B37FD6D7-1F35-4FCD-A829-49A414DE45D1}</UniqueIdentifier>
    </Filter>
    <Filter Include="..\External\bgfx">
      <UniqueIdentifier>{2948D311-1541-F263-3E73-D7E82ACBD16F}</UniqueIdentifier>
    </Filter>
    <Filter Include="..\External\bgfx\3rdparty">
      <UniqueIdentifier>{B178801A-1D3B-B4A4-66EB-4231D2EC8C82}</UniqueIdentifier>
    </Filter>
    <Filter Include="..\External\bgfx\3rdparty\meshoptimizer">
      <UniqueIdentifier>{509E8E20-BC2D-500B-C529-312331388B17}</UniqueIdentifier>
    </Filter>
    <Filter Include="..\External\bgfx\3rdparty\meshoptimizer\src">
      <UniqueIdentifier>{670471E8-D369-046F-5C42-A647C8A6F9DD}</UniqueIdentifier>
    </Filter>
    <Filter Include="..\External\imgui-docking">
      <UniqueIdentifier>{C90CC5A2-35CF-F82C-7E7F-87B9EA80D10A}</UniqueIdentifier>
    </Filter>
    <Filter Include="..\External\imgui-docking\backends">
      <UniqueIdentifier>{13F91329-FF34-1793-6847-2F8A54A2BFAD}</UniqueIdentifier>
    </Filter>
    <Filter Include="..\Shared">
      <UniqueIdentifier>{67846B3F-D3EE-1FB6-1C2D-D15B88D6FD0A}</UniqueIdentifier>
    </Filter>
    <Filter Include="..\Shared\ImguiVizualizers">
      <UniqueIdentifier>{F90243E0-E512-EFB0-4ECC-53CF3AFBDD49}</UniqueIdentifier>
    </Filter>
    <Filter Include="common">
      <UniqueIdentifier>{AEFEE3F6-9AA0-0ECD-835B-22216F9C951D}</UniqueIdentifier>
    </Filter>
    <Filter Include="common\debugdraw">
      <UniqueIdentifier>{92ED39D4-7EE6-5826-A718-3EAB93703832}</UniqueIdentifier>
    </Filter>
    <Filter Include="common\entry">
      <UniqueIdentifier>{EF378464-DB9A-1309-8420-4CBF7062DF8B}</UniqueIdentifier>
    </Filter>
    <Filter Include="common\font">
      <UniqueIdentifier>{94B080D4-0066-F9C9-895A-F3A0F50EF0CD}</UniqueIdentifier>
    </Filter>
    <Filter Include="common\imgui">
      <UniqueIdentifier>{98D6CB64-8439-5B09-2DBF-93BF1901278C}</UniqueIdentifier>
    </Filter>
    <Filter Include="common\nanovg">
      <UniqueIdentifier>{E60D1B09-52CE-963F-1B09-E0BC8788DB1B}</UniqueIdentifier>
    </Filter>
    <Filter Include="common\ps">
      <UniqueIdentifier>{C07EAB3B-2CE9-5FB2-7527-1158E1D03D07}</UniqueIdentifier>
    </Filter>
  </ItemGroup>
  <ItemGroup>
    <ClInclude Include="..\AssetClasses\EntityDefinition.h">
      <Filter>..\AssetClasses</Filter>
    </ClInclude>
    <ClInclude Include="..\AssetClasses\StaticMeshDefinition.h">
      <Filter>..\AssetClasses</Filter>
    </ClInclude>
    <ClInclude Include="..\External\bgfx\3rdparty\meshoptimizer\src\meshoptimizer.h">
      <Filter>..\External\bgfx\3rdparty\meshoptimizer\src</Filter>
    </ClInclude>
    <ClInclude Include="..\Shared\ImguiVizualizers\CommandConsole.h">
      <Filter>..\Shared\ImguiVizualizers</Filter>
    </ClInclude>
    <ClInclude Include="..\Shared\ImguiVizualizers\IImGuiVisualizer.h">
      <Filter>..\Shared\ImguiVizualizers</Filter>
    </ClInclude>
    <ClInclude Include="..\Shared\ImguiVizualizers\ImGuiVisualizerManager.h">
      <Filter>..\Shared\ImguiVizualizers</Filter>
    </ClInclude>
    <ClInclude Include="..\Shared\ImguiVizualizers\PropertyInspector.h">
      <Filter>..\Shared\ImguiVizualizers</Filter>
    </ClInclude>
    <ClInclude Include="AssetBrowser.h" />
    <ClInclude Include="ObjJsonEditor.h" />
    <ClInclude Include="QuickEdit.h" />
    <ClInclude Include="common\args.h">
      <Filter>common</Filter>
    </ClInclude>
    <ClInclude Include="common\aviwriter.h">
      <Filter>common</Filter>
    </ClInclude>
    <ClInclude Include="common\bgfx_utils.h">
      <Filter>common</Filter>
    </ClInclude>
    <ClInclude Include="common\camera.h">
      <Filter>common</Filter>
    </ClInclude>
    <ClInclude Include="common\common.h">
      <Filter>common</Filter>
    </ClInclude>
    <ClInclude Include="common\cube_atlas.h">
      <Filter>common</Filter>
    </ClInclude>
    <ClInclude Include="common\debugdraw\debugdraw.h">
      <Filter>common\debugdraw</Filter>
    </ClInclude>
    <ClInclude Include="common\debugdraw\fs_debugdraw_fill.bin.h">
      <Filter>common\debugdraw</Filter>
    </ClInclude>
    <ClInclude Include="common\debugdraw\fs_debugdraw_fill_lit.bin.h">
      <Filter>common\debugdraw</Filter>
    </ClInclude>
    <ClInclude Include="common\debugdraw\fs_debugdraw_fill_texture.bin.h">
      <Filter>common\debugdraw</Filter>
    </ClInclude>
    <ClInclude Include="common\debugdraw\fs_debugdraw_lines.bin.h">
      <Filter>common\debugdraw</Filter>
    </ClInclude>
    <ClInclude Include="common\debugdraw\fs_debugdraw_lines_stipple.bin.h">
      <Filter>common\debugdraw</Filter>
    </ClInclude>
    <ClInclude Include="common\debugdraw\vs_debugdraw_fill.bin.h">
      <Filter>common\debugdraw</Filter>
    </ClInclude>
    <ClInclude Include="common\debugdraw\vs_debugdraw_fill_lit.bin.h">
      <Filter>common\debugdraw</Filter>
    </ClInclude>
    <ClInclude Include="common\debugdraw\vs_debugdraw_fill_lit_mesh.bin.h">
      <Filter>common\debugdraw</Filter>
    </ClInclude>
    <ClInclude Include="common\debugdraw\vs_debugdraw_fill_mesh.bin.h">
      <Filter>common\debugdraw</Filter>
    </ClInclude>
    <ClInclude Include="common\debugdraw\vs_debugdraw_fill_texture.bin.h">
      <Filter>common\debugdraw</Filter>
    </ClInclude>
    <ClInclude Include="common\debugdraw\vs_debugdraw_lines.bin.h">
      <Filter>common\debugdraw</Filter>
    </ClInclude>
    <ClInclude Include="common\debugdraw\vs_debugdraw_lines_stipple.bin.h">
      <Filter>common\debugdraw</Filter>
    </ClInclude>
    <ClInclude Include="common\entry\cmd.h">
      <Filter>common\entry</Filter>
    </ClInclude>
    <ClInclude Include="common\entry\dbg.h">
      <Filter>common\entry</Filter>
    </ClInclude>
    <ClInclude Include="common\entry\dialog.h">
      <Filter>common\entry</Filter>
    </ClInclude>
    <ClInclude Include="common\entry\entry.h">
      <Filter>common\entry</Filter>
    </ClInclude>
    <ClInclude Include="common\entry\entry_p.h">
      <Filter>common\entry</Filter>
    </ClInclude>
    <ClInclude Include="common\entry\input.h">
      <Filter>common\entry</Filter>
    </ClInclude>
    <ClInclude Include="common\font\font_manager.h">
      <Filter>common\font</Filter>
    </ClInclude>
    <ClInclude Include="common\font\fs_font_basic.bin.h">
      <Filter>common\font</Filter>
    </ClInclude>
    <ClInclude Include="common\font\fs_font_distance_field.bin.h">
      <Filter>common\font</Filter>
    </ClInclude>
    <ClInclude Include="common\font\fs_font_distance_field_drop_shadow.bin.h">
      <Filter>common\font</Filter>
    </ClInclude>
    <ClInclude Include="common\font\fs_font_distance_field_drop_shadow_image.bin.h">
      <Filter>common\font</Filter>
    </ClInclude>
    <ClInclude Include="common\font\fs_font_distance_field_outline.bin.h">
      <Filter>common\font</Filter>
    </ClInclude>
    <ClInclude Include="common\font\fs_font_distance_field_outline_drop_shadow_image.bin.h">
      <Filter>common\font</Filter>
    </ClInclude>
    <ClInclude Include="common\font\fs_font_distance_field_outline_image.bin.h">
      <Filter>common\font</Filter>
    </ClInclude>
    <ClInclude Include="common\font\fs_font_distance_field_subpixel.bin.h">
      <Filter>common\font</Filter>
    </ClInclude>
    <ClInclude Include="common\font\text_buffer_manager.h">
      <Filter>common\font</Filter>
    </ClInclude>
    <ClInclude Include="common\font\text_metrics.h">
      <Filter>common\font</Filter>
    </ClInclude>
    <ClInclude Include="common\font\utf8.h">
      <Filter>common\font</Filter>
    </ClInclude>
    <ClInclude Include="common\font\vs_font_basic.bin.h">
      <Filter>common\font</Filter>
    </ClInclude>
    <ClInclude Include="common\font\vs_font_distance_field.bin.h">
      <Filter>common\font</Filter>
    </ClInclude>
    <ClInclude Include="common\font\vs_font_distance_field_drop_shadow.bin.h">
      <Filter>common\font</Filter>
    </ClInclude>
    <ClInclude Include="common\font\vs_font_distance_field_drop_shadow_image.bin.h">
      <Filter>common\font</Filter>
    </ClInclude>
    <ClInclude Include="common\font\vs_font_distance_field_outline.bin.h">
      <Filter>common\font</Filter>
    </ClInclude>
    <ClInclude Include="common\font\vs_font_distance_field_outline_drop_shadow_image.bin.h">
      <Filter>common\font</Filter>
    </ClInclude>
    <ClInclude Include="common\font\vs_font_distance_field_outline_image.bin.h">
      <Filter>common\font</Filter>
    </ClInclude>
    <ClInclude Include="common\font\vs_font_distance_field_subpixel.bin.h">
      <Filter>common\font</Filter>
    </ClInclude>
    <ClInclude Include="common\imgui\droidsans.ttf.h">
      <Filter>common\imgui</Filter>
    </ClInclude>
    <ClInclude Include="common\imgui\fs_imgui_image.bin.h">
      <Filter>common\imgui</Filter>
    </ClInclude>
    <ClInclude Include="common\imgui\fs_ocornut_imgui.bin.h">
      <Filter>common\imgui</Filter>
    </ClInclude>
    <ClInclude Include="common\imgui\icons_font_awesome.ttf.h">
      <Filter>common\imgui</Filter>
    </ClInclude>
    <ClInclude Include="common\imgui\icons_kenney.ttf.h">
      <Filter>common\imgui</Filter>
    </ClInclude>
    <ClInclude Include="common\imgui\imgui.h">
      <Filter>common\imgui</Filter>
    </ClInclude>
    <ClInclude Include="common\imgui\roboto_regular.ttf.h">
      <Filter>common\imgui</Filter>
    </ClInclude>
    <ClInclude Include="common\imgui\robotomono_regular.ttf.h">
      <Filter>common\imgui</Filter>
    </ClInclude>
    <ClInclude Include="common\imgui\vs_imgui_image.bin.h">
      <Filter>common\imgui</Filter>
    </ClInclude>
    <ClInclude Include="common\imgui\vs_ocornut_imgui.bin.h">
      <Filter>common\imgui</Filter>
    </ClInclude>
    <ClInclude Include="common\nanovg\fontstash.h">
      <Filter>common\nanovg</Filter>
    </ClInclude>
    <ClInclude Include="common\nanovg\fs_nanovg_fill.bin.h">
      <Filter>common\nanovg</Filter>
    </ClInclude>
    <ClInclude Include="common\nanovg\nanovg.h">
      <Filter>common\nanovg</Filter>
    </ClInclude>
    <ClInclude Include="common\nanovg\nanovg_bgfx.h">
      <Filter>common\nanovg</Filter>
    </ClInclude>
    <ClInclude Include="common\nanovg\vs_nanovg_fill.bin.h">
      <Filter>common\nanovg</Filter>
    </ClInclude>
    <ClInclude Include="common\packrect.h">
      <Filter>common</Filter>
    </ClInclude>
    <ClInclude Include="common\ps\fs_particle.bin.h">
      <Filter>common\ps</Filter>
    </ClInclude>
    <ClInclude Include="common\ps\particle_system.h">
      <Filter>common\ps</Filter>
    </ClInclude>
    <ClInclude Include="common\ps\vs_particle.bin.h">
      <Filter>common\ps</Filter>
    </ClInclude>
    <ClInclude Include="logo.h" />
    <ClInclude Include="DocumentManager.h" />
  </ItemGroup>
  <ItemGroup>
    <ClCompile Include="..\AssetClasses\EntityDefinition.cpp">
      <Filter>..\AssetClasses</Filter>
    </ClCompile>
    <ClCompile Include="..\AssetClasses\StaticMeshDefinition.cpp">
      <Filter>..\AssetClasses</Filter>
    </ClCompile>
    <ClCompile Include="..\External\bgfx\3rdparty\meshoptimizer\src\allocator.cpp">
      <Filter>..\External\bgfx\3rdparty\meshoptimizer\src</Filter>
    </ClCompile>
    <ClCompile Include="..\External\bgfx\3rdparty\meshoptimizer\src\clusterizer.cpp">
      <Filter>..\External\bgfx\3rdparty\meshoptimizer\src</Filter>
    </ClCompile>
    <ClCompile Include="..\External\bgfx\3rdparty\meshoptimizer\src\indexanalyzer.cpp">
      <Filter>..\External\bgfx\3rdparty\meshoptimizer\src</Filter>
    </ClCompile>
    <ClCompile Include="..\External\bgfx\3rdparty\meshoptimizer\src\indexcodec.cpp">
      <Filter>..\External\bgfx\3rdparty\meshoptimizer\src</Filter>
    </ClCompile>
    <ClCompile Include="..\External\bgfx\3rdparty\meshoptimizer\src\indexgenerator.cpp">
      <Filter>..\External\bgfx\3rdparty\meshoptimizer\src</Filter>
    </ClCompile>
    <ClCompile Include="..\External\bgfx\3rdparty\meshoptimizer\src\overdrawoptimizer.cpp">
      <Filter>..\External\bgfx\3rdparty\meshoptimizer\src</Filter>
    </ClCompile>
    <ClCompile Include="..\External\bgfx\3rdparty\meshoptimizer\src\partition.cpp">
      <Filter>..\External\bgfx\3rdparty\meshoptimizer\src</Filter>
    </ClCompile>
    <ClCompile Include="..\External\bgfx\3rdparty\meshoptimizer\src\quantization.cpp">
      <Filter>..\External\bgfx\3rdparty\meshoptimizer\src</Filter>
    </ClCompile>
    <ClCompile Include="..\External\bgfx\3rdparty\meshoptimizer\src\rasterizer.cpp">
      <Filter>..\External\bgfx\3rdparty\meshoptimizer\src</Filter>
    </ClCompile>
    <ClCompile Include="..\External\bgfx\3rdparty\meshoptimizer\src\simplifier.cpp">
      <Filter>..\External\bgfx\3rdparty\meshoptimizer\src</Filter>
    </ClCompile>
    <ClCompile Include="..\External\bgfx\3rdparty\meshoptimizer\src\spatialorder.cpp">
      <Filter>..\External\bgfx\3rdparty\meshoptimizer\src</Filter>
    </ClCompile>
    <ClCompile Include="..\External\bgfx\3rdparty\meshoptimizer\src\stripifier.cpp">
      <Filter>..\External\bgfx\3rdparty\meshoptimizer\src</Filter>
    </ClCompile>
    <ClCompile Include="..\External\bgfx\3rdparty\meshoptimizer\src\vcacheoptimizer.cpp">
      <Filter>..\External\bgfx\3rdparty\meshoptimizer\src</Filter>
    </ClCompile>
    <ClCompile Include="..\External\bgfx\3rdparty\meshoptimizer\src\vertexcodec.cpp">
      <Filter>..\External\bgfx\3rdparty\meshoptimizer\src</Filter>
    </ClCompile>
    <ClCompile Include="..\External\bgfx\3rdparty\meshoptimizer\src\vertexfilter.cpp">
      <Filter>..\External\bgfx\3rdparty\meshoptimizer\src</Filter>
    </ClCompile>
    <ClCompile Include="..\External\bgfx\3rdparty\meshoptimizer\src\vfetchoptimizer.cpp">
      <Filter>..\External\bgfx\3rdparty\meshoptimizer\src</Filter>
    </ClCompile>
    <ClCompile Include="..\External\imgui-docking\backends\imgui_impl_opengl3.cpp">
      <Filter>..\External\imgui-docking\backends</Filter>
    </ClCompile>
    <ClCompile Include="..\External\imgui-docking\imgui.cpp">
      <Filter>..\External\imgui-docking</Filter>
    </ClCompile>
    <ClCompile Include="..\External\imgui-docking\imgui_Widgets.cpp">
      <Filter>..\External\imgui-docking</Filter>
    </ClCompile>
    <ClCompile Include="..\External\imgui-docking\imgui_draw.cpp">
      <Filter>..\External\imgui-docking</Filter>
    </ClCompile>
    <ClCompile Include="..\External\imgui-docking\imgui_tables.cpp">
      <Filter>..\External\imgui-docking</Filter>
    </ClCompile>
    <ClCompile Include="..\Shared\ImguiVizualizers\CommandConsole.cpp">
      <Filter>..\Shared\ImguiVizualizers</Filter>
    </ClCompile>
    <ClCompile Include="..\Shared\ImguiVizualizers\ImGuiVisualizerManager.cpp">
      <Filter>..\Shared\ImguiVizualizers</Filter>
    </ClCompile>
    <ClCompile Include="..\Shared\ImguiVizualizers\PropertyInspector.cpp">
      <Filter>..\Shared\ImguiVizualizers</Filter>
    </ClCompile>
    <ClCompile Include="AssetBrowser.cpp" />
    <ClCompile Include="Main.cpp" />
    <ClCompile Include="QuickEdit.cpp" />
    <ClCompile Include="common\bgfx_utils.cpp">
      <Filter>common</Filter>
    </ClCompile>
    <ClCompile Include="common\camera.cpp">
      <Filter>common</Filter>
    </ClCompile>
    <ClCompile Include="common\cube_atlas.cpp">
      <Filter>common</Filter>
    </ClCompile>
    <ClCompile Include="common\debugdraw\debugdraw.cpp">
      <Filter>common\debugdraw</Filter>
    </ClCompile>
    <ClCompile Include="common\entry\cmd.cpp">
      <Filter>common\entry</Filter>
    </ClCompile>
    <ClCompile Include="common\entry\dialog.cpp">
      <Filter>common\entry</Filter>
    </ClCompile>
    <ClCompile Include="common\entry\entry.cpp">
      <Filter>common\entry</Filter>
    </ClCompile>
    <ClCompile Include="common\entry\entry_android.cpp">
      <Filter>common\entry</Filter>
    </ClCompile>
    <ClCompile Include="common\entry\entry_glfw.cpp">
      <Filter>common\entry</Filter>
    </ClCompile>
    <ClCompile Include="common\entry\entry_html5.cpp">
      <Filter>common\entry</Filter>
    </ClCompile>
    <ClCompile Include="common\entry\entry_noop.cpp">
      <Filter>common\entry</Filter>
    </ClCompile>
    <ClCompile Include="common\entry\entry_sdl.cpp">
      <Filter>common\entry</Filter>
    </ClCompile>
    <ClCompile Include="common\entry\entry_windows.cpp">
      <Filter>common\entry</Filter>
    </ClCompile>
    <ClCompile Include="common\entry\entry_x11.cpp">
      <Filter>common\entry</Filter>
    </ClCompile>
    <ClCompile Include="common\entry\input.cpp">
      <Filter>common\entry</Filter>
    </ClCompile>
    <ClCompile Include="common\example-glue.cpp">
      <Filter>common</Filter>
    </ClCompile>
    <ClCompile Include="common\font\font_manager.cpp">
      <Filter>common\font</Filter>
    </ClCompile>
    <ClCompile Include="common\font\text_buffer_manager.cpp">
      <Filter>common\font</Filter>
    </ClCompile>
    <ClCompile Include="common\font\text_metrics.cpp">
      <Filter>common\font</Filter>
    </ClCompile>
    <ClCompile Include="common\font\utf8.cpp">
      <Filter>common\font</Filter>
    </ClCompile>
    <ClCompile Include="common\imgui\imgui.cpp">
      <Filter>common\imgui</Filter>
    </ClCompile>
    <ClCompile Include="common\nanovg\nanovg.cpp">
      <Filter>common\nanovg</Filter>
    </ClCompile>
    <ClCompile Include="common\nanovg\nanovg_bgfx.cpp">
      <Filter>common\nanovg</Filter>
    </ClCompile>
    <ClCompile Include="common\ps\particle_system.cpp">
      <Filter>common\ps</Filter>
    </ClCompile>
    <ClCompile Include="DocumentManager.cpp" />
  </ItemGroup>
</Project>