<?xml version="1.0" encoding="utf-8"?>
<Project ToolsVersion="4.0" xmlns="http://schemas.microsoft.com/developer/msbuild/2003">
  <ItemGroup>
    <Filter Include="..">
      <UniqueIdentifier>{61705900-4DFC-870B-B6AA-880BA255880B}</UniqueIdentifier>
    </Filter>
    <Filter Include="..\AssetClasses">
      <UniqueIdentifier>{3EBD9B7A-AA48-093F-B359-8C331F64653F}</UniqueIdentifier>
    </Filter>
    <Filter Include="..\External">
      <UniqueIdentifier>{B37FD6D7-1F35-4FCD-A829-49A414DE45D1}</UniqueIdentifier>
    </Filter>
    <Filter Include="..\External\bgfx">
      <UniqueIdentifier>{2948D311-1541-F263-3E73-D7E82ACBD16F}</UniqueIdentifier>
    </Filter>
    <Filter Include="..\External\bgfx\3rdparty">
      <UniqueIdentifier>{B178801A-1D3B-B4A4-66EB-4231D2EC8C82}</UniqueIdentifier>
    </Filter>
    <Filter Include="..\External\bgfx\3rdparty\meshoptimizer">
      <UniqueIdentifier>{509E8E20-BC2D-500B-C529-312331388B17}</UniqueIdentifier>
    </Filter>
    <Filter Include="..\External\bgfx\3rdparty\meshoptimizer\src">
      <UniqueIdentifier>{670471E8-D369-046F-5C42-A647C8A6F9DD}</UniqueIdentifier>
    </Filter>
    <Filter Include="..\External\bgfx_common">
      <UniqueIdentifier>{91E5BE40-FD1C-07D8-0627-6BFB72DD2DD1}</UniqueIdentifier>
    </Filter>
    <Filter Include="..\External\bgfx_common\debugdraw">
      <UniqueIdentifier>{350CA142-A17A-F6C1-EA63-B1C15611EC5D}</UniqueIdentifier>
    </Filter>
    <Filter Include="..\External\bgfx_common\entry">
      <UniqueIdentifier>{127D573E-7E95-3E68-4742-CE01B319D301}</UniqueIdentifier>
    </Filter>
    <Filter Include="..\External\bgfx_common\font">
      <UniqueIdentifier>{575D9EEA-4318-8E96-ECCF-06E1D869D826}</UniqueIdentifier>
    </Filter>
    <Filter Include="..\External\bgfx_common\imgui">
      <UniqueIdentifier>{BB1B9F3E-2734-8668-F0E0-15025CB81A02}</UniqueIdentifier>
    </Filter>
    <Filter Include="..\External\bgfx_common\nanovg">
      <UniqueIdentifier>{69F7561D-551D-2184-3E63-A64F2A284650}</UniqueIdentifier>
    </Filter>
    <Filter Include="..\External\bgfx_common\ps">
      <UniqueIdentifier>{C31EE1ED-AF2E-8DBE-18E8-F1DC04177C57}</UniqueIdentifier>
    </Filter>
    <Filter Include="..\External\imgui-docking">
      <UniqueIdentifier>{C90CC5A2-35CF-F82C-7E7F-87B9EA80D10A}</UniqueIdentifier>
    </Filter>
    <Filter Include="..\External\imgui-docking\backends">
      <UniqueIdentifier>{13F91329-FF34-1793-6847-2F8A54A2BFAD}</UniqueIdentifier>
    </Filter>
    <Filter Include="..\Shared">
      <UniqueIdentifier>{67846B3F-D3EE-1FB6-1C2D-D15B88D6FD0A}</UniqueIdentifier>
    </Filter>
    <Filter Include="..\Shared\ImguiVizualizers">
      <UniqueIdentifier>{F90243E0-E512-EFB0-4ECC-53CF3AFBDD49}</UniqueIdentifier>
    </Filter>
    <Filter Include="AssetClasses">
      <UniqueIdentifier>{137D46AB-FFDF-D54F-A865-0E0694A7A1D2}</UniqueIdentifier>
    </Filter>
    <Filter Include="Core">
      <UniqueIdentifier>{2EB4837C-1AEB-840D-C3D7-6A10AFED000F}</UniqueIdentifier>
    </Filter>
    <Filter Include="Core\Reflection">
      <UniqueIdentifier>{28B22CF9-943D-9ABD-9D4E-1DB20959F6BD}</UniqueIdentifier>
    </Filter>
    <Filter Include="External">
      <UniqueIdentifier>{089DB854-F469-1360-1D83-010809AF48EE}</UniqueIdentifier>
    </Filter>
    <Filter Include="External\bgfx_common">
      <UniqueIdentifier>{66AA423F-5239-CC08-FB57-E003E7C5DCAE}</UniqueIdentifier>
    </Filter>
    <Filter Include="External\bgfx_common\imgui">
      <UniqueIdentifier>{506C1A76-3C7C-C646-A535-2B659164B5DF}</UniqueIdentifier>
    </Filter>
  </ItemGroup>
  <ItemGroup>
    <ClInclude Include="..\AssetClasses\EntityDefinition.h">
      <Filter>..\AssetClasses</Filter>
    </ClInclude>
    <ClInclude Include="..\AssetClasses\EntityInstance.h">
      <Filter>..\AssetClasses</Filter>
    </ClInclude>
    <ClInclude Include="..\AssetClasses\StaticMeshDefinition.h">
      <Filter>..\AssetClasses</Filter>
    </ClInclude>
    <ClInclude Include="..\External\bgfx\3rdparty\meshoptimizer\src\meshoptimizer.h">
      <Filter>..\External\bgfx\3rdparty\meshoptimizer\src</Filter>
    </ClInclude>
    <ClInclude Include="..\External\bgfx_common\args.h">
      <Filter>..\External\bgfx_common</Filter>
    </ClInclude>
    <ClInclude Include="..\External\bgfx_common\aviwriter.h">
      <Filter>..\External\bgfx_common</Filter>
    </ClInclude>
    <ClInclude Include="..\External\bgfx_common\bgfx_utils.h">
      <Filter>..\External\bgfx_common</Filter>
    </ClInclude>
    <ClInclude Include="..\External\bgfx_common\camera.h">
      <Filter>..\External\bgfx_common</Filter>
    </ClInclude>
    <ClInclude Include="..\External\bgfx_common\common.h">
      <Filter>..\External\bgfx_common</Filter>
    </ClInclude>
    <ClInclude Include="..\External\bgfx_common\cube_atlas.h">
      <Filter>..\External\bgfx_common</Filter>
    </ClInclude>
    <ClInclude Include="..\External\bgfx_common\debugdraw\debugdraw.h">
      <Filter>..\External\bgfx_common\debugdraw</Filter>
    </ClInclude>
    <ClInclude Include="..\External\bgfx_common\debugdraw\fs_debugdraw_fill.bin.h">
      <Filter>..\External\bgfx_common\debugdraw</Filter>
    </ClInclude>
    <ClInclude Include="..\External\bgfx_common\debugdraw\fs_debugdraw_fill_lit.bin.h">
      <Filter>..\External\bgfx_common\debugdraw</Filter>
    </ClInclude>
    <ClInclude Include="..\External\bgfx_common\debugdraw\fs_debugdraw_fill_texture.bin.h">
      <Filter>..\External\bgfx_common\debugdraw</Filter>
    </ClInclude>
    <ClInclude Include="..\External\bgfx_common\debugdraw\fs_debugdraw_lines.bin.h">
      <Filter>..\External\bgfx_common\debugdraw</Filter>
    </ClInclude>
    <ClInclude Include="..\External\bgfx_common\debugdraw\fs_debugdraw_lines_stipple.bin.h">
      <Filter>..\External\bgfx_common\debugdraw</Filter>
    </ClInclude>
    <ClInclude Include="..\External\bgfx_common\debugdraw\vs_debugdraw_fill.bin.h">
      <Filter>..\External\bgfx_common\debugdraw</Filter>
    </ClInclude>
    <ClInclude Include="..\External\bgfx_common\debugdraw\vs_debugdraw_fill_lit.bin.h">
      <Filter>..\External\bgfx_common\debugdraw</Filter>
    </ClInclude>
    <ClInclude Include="..\External\bgfx_common\debugdraw\vs_debugdraw_fill_lit_mesh.bin.h">
      <Filter>..\External\bgfx_common\debugdraw</Filter>
    </ClInclude>
    <ClInclude Include="..\External\bgfx_common\debugdraw\vs_debugdraw_fill_mesh.bin.h">
      <Filter>..\External\bgfx_common\debugdraw</Filter>
    </ClInclude>
    <ClInclude Include="..\External\bgfx_common\debugdraw\vs_debugdraw_fill_texture.bin.h">
      <Filter>..\External\bgfx_common\debugdraw</Filter>
    </ClInclude>
    <ClInclude Include="..\External\bgfx_common\debugdraw\vs_debugdraw_lines.bin.h">
      <Filter>..\External\bgfx_common\debugdraw</Filter>
    </ClInclude>
    <ClInclude Include="..\External\bgfx_common\debugdraw\vs_debugdraw_lines_stipple.bin.h">
      <Filter>..\External\bgfx_common\debugdraw</Filter>
    </ClInclude>
    <ClInclude Include="..\External\bgfx_common\entry\cmd.h">
      <Filter>..\External\bgfx_common\entry</Filter>
    </ClInclude>
    <ClInclude Include="..\External\bgfx_common\entry\dbg.h">
      <Filter>..\External\bgfx_common\entry</Filter>
    </ClInclude>
    <ClInclude Include="..\External\bgfx_common\entry\dialog.h">
      <Filter>..\External\bgfx_common\entry</Filter>
    </ClInclude>
    <ClInclude Include="..\External\bgfx_common\entry\entry.h">
      <Filter>..\External\bgfx_common\entry</Filter>
    </ClInclude>
    <ClInclude Include="..\External\bgfx_common\entry\entry_p.h">
      <Filter>..\External\bgfx_common\entry</Filter>
    </ClInclude>
    <ClInclude Include="..\External\bgfx_common\entry\input.h">
      <Filter>..\External\bgfx_common\entry</Filter>
    </ClInclude>
    <ClInclude Include="..\External\bgfx_common\font\font_manager.h">
      <Filter>..\External\bgfx_common\font</Filter>
    </ClInclude>
    <ClInclude Include="..\External\bgfx_common\font\fs_font_basic.bin.h">
      <Filter>..\External\bgfx_common\font</Filter>
    </ClInclude>
    <ClInclude Include="..\External\bgfx_common\font\fs_font_distance_field.bin.h">
      <Filter>..\External\bgfx_common\font</Filter>
    </ClInclude>
    <ClInclude Include="..\External\bgfx_common\font\fs_font_distance_field_drop_shadow.bin.h">
      <Filter>..\External\bgfx_common\font</Filter>
    </ClInclude>
    <ClInclude Include="..\External\bgfx_common\font\fs_font_distance_field_drop_shadow_image.bin.h">
      <Filter>..\External\bgfx_common\font</Filter>
    </ClInclude>
    <ClInclude Include="..\External\bgfx_common\font\fs_font_distance_field_outline.bin.h">
      <Filter>..\External\bgfx_common\font</Filter>
    </ClInclude>
    <ClInclude Include="..\External\bgfx_common\font\fs_font_distance_field_outline_drop_shadow_image.bin.h">
      <Filter>..\External\bgfx_common\font</Filter>
    </ClInclude>
    <ClInclude Include="..\External\bgfx_common\font\fs_font_distance_field_outline_image.bin.h">
      <Filter>..\External\bgfx_common\font</Filter>
    </ClInclude>
    <ClInclude Include="..\External\bgfx_common\font\fs_font_distance_field_subpixel.bin.h">
      <Filter>..\External\bgfx_common\font</Filter>
    </ClInclude>
    <ClInclude Include="..\External\bgfx_common\font\text_buffer_manager.h">
      <Filter>..\External\bgfx_common\font</Filter>
    </ClInclude>
    <ClInclude Include="..\External\bgfx_common\font\text_metrics.h">
      <Filter>..\External\bgfx_common\font</Filter>
    </ClInclude>
    <ClInclude Include="..\External\bgfx_common\font\utf8.h">
      <Filter>..\External\bgfx_common\font</Filter>
    </ClInclude>
    <ClInclude Include="..\External\bgfx_common\font\vs_font_basic.bin.h">
      <Filter>..\External\bgfx_common\font</Filter>
    </ClInclude>
    <ClInclude Include="..\External\bgfx_common\font\vs_font_distance_field.bin.h">
      <Filter>..\External\bgfx_common\font</Filter>
    </ClInclude>
    <ClInclude Include="..\External\bgfx_common\font\vs_font_distance_field_drop_shadow.bin.h">
      <Filter>..\External\bgfx_common\font</Filter>
    </ClInclude>
    <ClInclude Include="..\External\bgfx_common\font\vs_font_distance_field_drop_shadow_image.bin.h">
      <Filter>..\External\bgfx_common\font</Filter>
    </ClInclude>
    <ClInclude Include="..\External\bgfx_common\font\vs_font_distance_field_outline.bin.h">
      <Filter>..\External\bgfx_common\font</Filter>
    </ClInclude>
    <ClInclude Include="..\External\bgfx_common\font\vs_font_distance_field_outline_drop_shadow_image.bin.h">
      <Filter>..\External\bgfx_common\font</Filter>
    </ClInclude>
    <ClInclude Include="..\External\bgfx_common\font\vs_font_distance_field_outline_image.bin.h">
      <Filter>..\External\bgfx_common\font</Filter>
    </ClInclude>
    <ClInclude Include="..\External\bgfx_common\font\vs_font_distance_field_subpixel.bin.h">
      <Filter>..\External\bgfx_common\font</Filter>
    </ClInclude>
    <ClInclude Include="..\External\bgfx_common\imgui\droidsans.ttf.h">
      <Filter>..\External\bgfx_common\imgui</Filter>
    </ClInclude>
    <ClInclude Include="..\External\bgfx_common\imgui\fs_imgui_image.bin.h">
      <Filter>..\External\bgfx_common\imgui</Filter>
    </ClInclude>
    <ClInclude Include="..\External\bgfx_common\imgui\fs_ocornut_imgui.bin.h">
      <Filter>..\External\bgfx_common\imgui</Filter>
    </ClInclude>
    <ClInclude Include="..\External\bgfx_common\imgui\icons_font_awesome.ttf.h">
      <Filter>..\External\bgfx_common\imgui</Filter>
    </ClInclude>
    <ClInclude Include="..\External\bgfx_common\imgui\icons_kenney.ttf.h">
      <Filter>..\External\bgfx_common\imgui</Filter>
    </ClInclude>
    <ClInclude Include="..\External\bgfx_common\imgui\imgui.h">
      <Filter>..\External\bgfx_common\imgui</Filter>
    </ClInclude>
    <ClInclude Include="..\External\bgfx_common\imgui\roboto_regular.ttf.h">
      <Filter>..\External\bgfx_common\imgui</Filter>
    </ClInclude>
    <ClInclude Include="..\External\bgfx_common\imgui\robotomono_regular.ttf.h">
      <Filter>..\External\bgfx_common\imgui</Filter>
    </ClInclude>
    <ClInclude Include="..\External\bgfx_common\imgui\vs_imgui_image.bin.h">
      <Filter>..\External\bgfx_common\imgui</Filter>
    </ClInclude>
    <ClInclude Include="..\External\bgfx_common\imgui\vs_ocornut_imgui.bin.h">
      <Filter>..\External\bgfx_common\imgui</Filter>
    </ClInclude>
    <ClInclude Include="..\External\bgfx_common\nanovg\fontstash.h">
      <Filter>..\External\bgfx_common\nanovg</Filter>
    </ClInclude>
    <ClInclude Include="..\External\bgfx_common\nanovg\fs_nanovg_fill.bin.h">
      <Filter>..\External\bgfx_common\nanovg</Filter>
    </ClInclude>
    <ClInclude Include="..\External\bgfx_common\nanovg\nanovg.h">
      <Filter>..\External\bgfx_common\nanovg</Filter>
    </ClInclude>
    <ClInclude Include="..\External\bgfx_common\nanovg\nanovg_bgfx.h">
      <Filter>..\External\bgfx_common\nanovg</Filter>
    </ClInclude>
    <ClInclude Include="..\External\bgfx_common\nanovg\vs_nanovg_fill.bin.h">
      <Filter>..\External\bgfx_common\nanovg</Filter>
    </ClInclude>
    <ClInclude Include="..\External\bgfx_common\packrect.h">
      <Filter>..\External\bgfx_common</Filter>
    </ClInclude>
    <ClInclude Include="..\External\bgfx_common\ps\fs_particle.bin.h">
      <Filter>..\External\bgfx_common\ps</Filter>
    </ClInclude>
    <ClInclude Include="..\External\bgfx_common\ps\particle_system.h">
      <Filter>..\External\bgfx_common\ps</Filter>
    </ClInclude>
    <ClInclude Include="..\External\bgfx_common\ps\vs_particle.bin.h">
      <Filter>..\External\bgfx_common\ps</Filter>
    </ClInclude>
    <ClInclude Include="..\Shared\ImguiVizualizers\Bgfx3DCamera.h">
      <Filter>..\Shared\ImguiVizualizers</Filter>
    </ClInclude>
    <ClInclude Include="..\Shared\ImguiVizualizers\Bgfx3DViewport.h">
      <Filter>..\Shared\ImguiVizualizers</Filter>
    </ClInclude>
    <ClInclude Include="..\Shared\ImguiVizualizers\BgfxRenderPrimitives.h">
      <Filter>..\Shared\ImguiVizualizers</Filter>
    </ClInclude>
    <ClInclude Include="..\Shared\ImguiVizualizers\BgfxViewIdAllocator.h">
      <Filter>..\Shared\ImguiVizualizers</Filter>
    </ClInclude>
    <ClInclude Include="..\Shared\ImguiVizualizers\CommandConsole.h">
      <Filter>..\Shared\ImguiVizualizers</Filter>
    </ClInclude>
    <ClInclude Include="..\Shared\ImguiVizualizers\IImGuiVisualizer.h">
      <Filter>..\Shared\ImguiVizualizers</Filter>
    </ClInclude>
    <ClInclude Include="..\Shared\ImguiVizualizers\ImGui3DViewVisualizer.h">
      <Filter>..\Shared\ImguiVizualizers</Filter>
    </ClInclude>
    <ClInclude Include="..\Shared\ImguiVizualizers\ImGuiVisualizerManager.h">
      <Filter>..\Shared\ImguiVizualizers</Filter>
    </ClInclude>
    <ClInclude Include="..\Shared\ImguiVizualizers\PropertyInspector.h">
      <Filter>..\Shared\ImguiVizualizers</Filter>
    </ClInclude>
    <ClInclude Include="..\Shared\ImguiVizualizers\PropertyWidgetMap.h">
      <Filter>..\Shared\ImguiVizualizers</Filter>
    </ClInclude>
    <ClInclude Include="AssetBrowser.h" />
    <ClInclude Include="AssetClasses\EntityInstance.h">
      <Filter>AssetClasses</Filter>
    </ClInclude>
    <ClInclude Include="Core\Reflection\ReflectionBase.h">
      <Filter>Core\Reflection</Filter>
    </ClInclude>
    <ClInclude Include="DocumentManager.h" />
    <ClInclude Include="ObjJsonEditor.h" />
    <ClInclude Include="QuickEdit.h" />
    <ClInclude Include="logo.h" />
    <ClInclude Include="..\Shared\ImguiVizualizers\PropertyWidgetMapRegistry.h">
      <Filter>..\Shared\ImguiVizualizers</Filter>
    </ClInclude>
  </ItemGroup>
  <ItemGroup>
    <ClCompile Include="..\AssetClasses\EntityDefinition.cpp">
      <Filter>..\AssetClasses</Filter>
    </ClCompile>
    <ClCompile Include="..\AssetClasses\EntityInstance.cpp">
      <Filter>..\AssetClasses</Filter>
    </ClCompile>
    <ClCompile Include="..\AssetClasses\StaticMeshDefinition.cpp">
      <Filter>..\AssetClasses</Filter>
    </ClCompile>
    <ClCompile Include="..\External\bgfx\3rdparty\meshoptimizer\src\allocator.cpp">
      <Filter>..\External\bgfx\3rdparty\meshoptimizer\src</Filter>
    </ClCompile>
    <ClCompile Include="..\External\bgfx\3rdparty\meshoptimizer\src\clusterizer.cpp">
      <Filter>..\External\bgfx\3rdparty\meshoptimizer\src</Filter>
    </ClCompile>
    <ClCompile Include="..\External\bgfx\3rdparty\meshoptimizer\src\indexanalyzer.cpp">
      <Filter>..\External\bgfx\3rdparty\meshoptimizer\src</Filter>
    </ClCompile>
    <ClCompile Include="..\External\bgfx\3rdparty\meshoptimizer\src\indexcodec.cpp">
      <Filter>..\External\bgfx\3rdparty\meshoptimizer\src</Filter>
    </ClCompile>
    <ClCompile Include="..\External\bgfx\3rdparty\meshoptimizer\src\indexgenerator.cpp">
      <Filter>..\External\bgfx\3rdparty\meshoptimizer\src</Filter>
    </ClCompile>
    <ClCompile Include="..\External\bgfx\3rdparty\meshoptimizer\src\overdrawoptimizer.cpp">
      <Filter>..\External\bgfx\3rdparty\meshoptimizer\src</Filter>
    </ClCompile>
    <ClCompile Include="..\External\bgfx\3rdparty\meshoptimizer\src\partition.cpp">
      <Filter>..\External\bgfx\3rdparty\meshoptimizer\src</Filter>
    </ClCompile>
    <ClCompile Include="..\External\bgfx\3rdparty\meshoptimizer\src\quantization.cpp">
      <Filter>..\External\bgfx\3rdparty\meshoptimizer\src</Filter>
    </ClCompile>
    <ClCompile Include="..\External\bgfx\3rdparty\meshoptimizer\src\rasterizer.cpp">
      <Filter>..\External\bgfx\3rdparty\meshoptimizer\src</Filter>
    </ClCompile>
    <ClCompile Include="..\External\bgfx\3rdparty\meshoptimizer\src\simplifier.cpp">
      <Filter>..\External\bgfx\3rdparty\meshoptimizer\src</Filter>
    </ClCompile>
    <ClCompile Include="..\External\bgfx\3rdparty\meshoptimizer\src\spatialorder.cpp">
      <Filter>..\External\bgfx\3rdparty\meshoptimizer\src</Filter>
    </ClCompile>
    <ClCompile Include="..\External\bgfx\3rdparty\meshoptimizer\src\stripifier.cpp">
      <Filter>..\External\bgfx\3rdparty\meshoptimizer\src</Filter>
    </ClCompile>
    <ClCompile Include="..\External\bgfx\3rdparty\meshoptimizer\src\vcacheoptimizer.cpp">
      <Filter>..\External\bgfx\3rdparty\meshoptimizer\src</Filter>
    </ClCompile>
    <ClCompile Include="..\External\bgfx\3rdparty\meshoptimizer\src\vertexcodec.cpp">
      <Filter>..\External\bgfx\3rdparty\meshoptimizer\src</Filter>
    </ClCompile>
    <ClCompile Include="..\External\bgfx\3rdparty\meshoptimizer\src\vertexfilter.cpp">
      <Filter>..\External\bgfx\3rdparty\meshoptimizer\src</Filter>
    </ClCompile>
    <ClCompile Include="..\External\bgfx\3rdparty\meshoptimizer\src\vfetchoptimizer.cpp">
      <Filter>..\External\bgfx\3rdparty\meshoptimizer\src</Filter>
    </ClCompile>
    <ClCompile Include="..\External\bgfx_common\bgfx_utils.cpp">
      <Filter>..\External\bgfx_common</Filter>
    </ClCompile>
    <ClCompile Include="..\External\bgfx_common\camera.cpp">
      <Filter>..\External\bgfx_common</Filter>
    </ClCompile>
    <ClCompile Include="..\External\bgfx_common\cube_atlas.cpp">
      <Filter>..\External\bgfx_common</Filter>
    </ClCompile>
    <ClCompile Include="..\External\bgfx_common\debugdraw\debugdraw.cpp">
      <Filter>..\External\bgfx_common\debugdraw</Filter>
    </ClCompile>
    <ClCompile Include="..\External\bgfx_common\entry\cmd.cpp">
      <Filter>..\External\bgfx_common\entry</Filter>
    </ClCompile>
    <ClCompile Include="..\External\bgfx_common\entry\dialog.cpp">
      <Filter>..\External\bgfx_common\entry</Filter>
    </ClCompile>
    <ClCompile Include="..\External\bgfx_common\entry\entry.cpp">
      <Filter>..\External\bgfx_common\entry</Filter>
    </ClCompile>
    <ClCompile Include="..\External\bgfx_common\entry\entry_android.cpp">
      <Filter>..\External\bgfx_common\entry</Filter>
    </ClCompile>
    <ClCompile Include="..\External\bgfx_common\entry\entry_glfw.cpp">
      <Filter>..\External\bgfx_common\entry</Filter>
    </ClCompile>
    <ClCompile Include="..\External\bgfx_common\entry\entry_html5.cpp">
      <Filter>..\External\bgfx_common\entry</Filter>
    </ClCompile>
    <ClCompile Include="..\External\bgfx_common\entry\entry_noop.cpp">
      <Filter>..\External\bgfx_common\entry</Filter>
    </ClCompile>
    <ClCompile Include="..\External\bgfx_common\entry\entry_sdl.cpp">
      <Filter>..\External\bgfx_common\entry</Filter>
    </ClCompile>
    <ClCompile Include="..\External\bgfx_common\entry\entry_windows.cpp">
      <Filter>..\External\bgfx_common\entry</Filter>
    </ClCompile>
    <ClCompile Include="..\External\bgfx_common\entry\entry_x11.cpp">
      <Filter>..\External\bgfx_common\entry</Filter>
    </ClCompile>
    <ClCompile Include="..\External\bgfx_common\entry\input.cpp">
      <Filter>..\External\bgfx_common\entry</Filter>
    </ClCompile>
    <ClCompile Include="..\External\bgfx_common\example-glue.cpp">
      <Filter>..\External\bgfx_common</Filter>
    </ClCompile>
    <ClCompile Include="..\External\bgfx_common\font\font_manager.cpp">
      <Filter>..\External\bgfx_common\font</Filter>
    </ClCompile>
    <ClCompile Include="..\External\bgfx_common\font\text_buffer_manager.cpp">
      <Filter>..\External\bgfx_common\font</Filter>
    </ClCompile>
    <ClCompile Include="..\External\bgfx_common\font\text_metrics.cpp">
      <Filter>..\External\bgfx_common\font</Filter>
    </ClCompile>
    <ClCompile Include="..\External\bgfx_common\font\utf8.cpp">
      <Filter>..\External\bgfx_common\font</Filter>
    </ClCompile>
    <ClCompile Include="..\External\bgfx_common\imgui\imgui.cpp">
      <Filter>..\External\bgfx_common\imgui</Filter>
    </ClCompile>
    <ClCompile Include="..\External\bgfx_common\nanovg\nanovg.cpp">
      <Filter>..\External\bgfx_common\nanovg</Filter>
    </ClCompile>
    <ClCompile Include="..\External\bgfx_common\nanovg\nanovg_bgfx.cpp">
      <Filter>..\External\bgfx_common\nanovg</Filter>
    </ClCompile>
    <ClCompile Include="..\External\bgfx_common\ps\particle_system.cpp">
      <Filter>..\External\bgfx_common\ps</Filter>
    </ClCompile>
    <ClCompile Include="..\External\imgui-docking\backends\imgui_impl_opengl3.cpp">
      <Filter>..\External\imgui-docking\backends</Filter>
    </ClCompile>
    <ClCompile Include="..\External\imgui-docking\imgui.cpp">
      <Filter>..\External\imgui-docking</Filter>
    </ClCompile>
    <ClCompile Include="..\External\imgui-docking\imgui_Widgets.cpp">
      <Filter>..\External\imgui-docking</Filter>
    </ClCompile>
    <ClCompile Include="..\External\imgui-docking\imgui_draw.cpp">
      <Filter>..\External\imgui-docking</Filter>
    </ClCompile>
    <ClCompile Include="..\External\imgui-docking\imgui_tables.cpp">
      <Filter>..\External\imgui-docking</Filter>
    </ClCompile>
    <ClCompile Include="..\Shared\ImguiVizualizers\Bgfx3DViewport.cpp">
      <Filter>..\Shared\ImguiVizualizers</Filter>
    </ClCompile>
    <ClCompile Include="..\Shared\ImguiVizualizers\BgfxRenderPrimitives.cpp">
      <Filter>..\Shared\ImguiVizualizers</Filter>
    </ClCompile>
    <ClCompile Include="..\Shared\ImguiVizualizers\CommandConsole.cpp">
      <Filter>..\Shared\ImguiVizualizers</Filter>
    </ClCompile>
    <ClCompile Include="..\Shared\ImguiVizualizers\ImGui3DViewVisualizer.cpp">
      <Filter>..\Shared\ImguiVizualizers</Filter>
    </ClCompile>
    <ClCompile Include="..\Shared\ImguiVizualizers\ImGuiVisualizerManager.cpp">
      <Filter>..\Shared\ImguiVizualizers</Filter>
    </ClCompile>
    <ClCompile Include="..\Shared\ImguiVizualizers\PropertyInspector.cpp">
      <Filter>..\Shared\ImguiVizualizers</Filter>
    </ClCompile>
    <ClCompile Include="..\Shared\ImguiVizualizers\PropertyWidgetMap.cpp">
      <Filter>..\Shared\ImguiVizualizers</Filter>
    </ClCompile>
    <ClCompile Include="AssetBrowser.cpp" />
    <ClCompile Include="DocumentManager.cpp" />
    <ClCompile Include="External\bgfx_common\imgui\imgui.cpp">
      <Filter>External\bgfx_common\imgui</Filter>
    </ClCompile>
    <ClCompile Include="Main.cpp" />
    <ClCompile Include="QuickEdit.cpp" />
    <ClCompile Include="..\Shared\ImguiVizualizers\PropertyWidgetMapRegistry.cpp">
      <Filter>..\Shared\ImguiVizualizers</Filter>
    </ClCompile>
  </ItemGroup>
</Project>