<?xml version="1.0" encoding="utf-8"?>
<Project ToolsVersion="4.0" xmlns="http://schemas.microsoft.com/developer/msbuild/2003">
  <ItemGroup>
    <Filter Include="External">
      <UniqueIdentifier>{089DB854-F469-1360-1D83-010809AF48EE}</UniqueIdentifier>
    </Filter>
    <Filter Include="External\imgui-docking">
      <UniqueIdentifier>{DE5A4D51-CA54-76A3-B3C1-0CB49F5ADC0F}</UniqueIdentifier>
    </Filter>
    <Filter Include="External\imgui-docking\backends">
      <UniqueIdentifier>{C8EEB13D-34D2-C07D-3DD5-EEB9A93787CE}</UniqueIdentifier>
    </Filter>
    <Filter Include="External\stb-master">
      <UniqueIdentifier>{39E14DCD-A542-2BDB-2EB0-718D9A10629A}</UniqueIdentifier>
    </Filter>
    <Filter Include="ImGuiApp">
      <UniqueIdentifier>{210B234F-0DD8-7D5A-36F1-6B02221DB3E8}</UniqueIdentifier>
    </Filter>
    <Filter Include="ImGuiVisualizers">
      <UniqueIdentifier>{61F95379-4DF2-72CB-7624-5850627C52D7}</UniqueIdentifier>
    </Filter>
    <Filter Include="Input">
      <UniqueIdentifier>{953A660D-014F-8EBE-CAD0-311E36A48AEF}</UniqueIdentifier>
    </Filter>
    <Filter Include="Tests">
      <UniqueIdentifier>{5865280E-C479-50BF-8DFB-F31EF9CE4CF0}</UniqueIdentifier>
    </Filter>
  </ItemGroup>
  <ItemGroup>
    <ClInclude Include="ImGuiApp\App.h">
      <Filter>ImGuiApp</Filter>
    </ClInclude>
    <ClInclude Include="ImGuiManager.h" />
    <ClInclude Include="ImGuiVisualizers\CommandConsole.h">
      <Filter>ImGuiVisualizers</Filter>
    </ClInclude>
    <ClInclude Include="ImGuiVisualizers\NexusFlowGraph.h">
      <Filter>ImGuiVisualizers</Filter>
    </ClInclude>
    <ClInclude Include="ImGuiVisualizers\NexusLogFilterState.h">
      <Filter>ImGuiVisualizers</Filter>
    </ClInclude>
    <ClInclude Include="ImGuiVisualizers\NexusLogVisualizer.h">
      <Filter>ImGuiVisualizers</Filter>
    </ClInclude>
    <ClInclude Include="Input\KeyboardShortcutManager.h">
      <Filter>Input</Filter>
    </ClInclude>
    <ClInclude Include="NexusServerApp.h" />
    <ClInclude Include="Registration.h" />
    <ClInclude Include="Tests\ComponentSchedulerLoadTest.h">
      <Filter>Tests</Filter>
    </ClInclude>
    <ClInclude Include="TextureResource.h" />
    <ClInclude Include="UIWindowManager.h" />
  </ItemGroup>
  <ItemGroup>
    <ClCompile Include="..\..\External\imgui-docking\backends\imgui_impl_glfw.cpp">
      <Filter>External\imgui-docking\backends</Filter>
    </ClCompile>
    <ClCompile Include="..\..\External\imgui-docking\backends\imgui_impl_opengl3.cpp">
      <Filter>External\imgui-docking\backends</Filter>
    </ClCompile>
    <ClCompile Include="..\..\External\imgui-docking\imgui.cpp">
      <Filter>External\imgui-docking</Filter>
    </ClCompile>
    <ClCompile Include="..\..\External\imgui-docking\imgui_Widgets.cpp">
      <Filter>External\imgui-docking</Filter>
    </ClCompile>
    <ClCompile Include="..\..\External\imgui-docking\imgui_draw.cpp">
      <Filter>External\imgui-docking</Filter>
    </ClCompile>
    <ClCompile Include="..\..\External\imgui-docking\imgui_tables.cpp">
      <Filter>External\imgui-docking</Filter>
    </ClCompile>
    <ClCompile Include="..\..\External\stb-master\stb_image.cpp">
      <Filter>External\stb-master</Filter>
    </ClCompile>
    <ClCompile Include="ImGuiApp\App.cpp">
      <Filter>ImGuiApp</Filter>
    </ClCompile>
    <ClCompile Include="ImGuiManager.cpp" />
    <ClCompile Include="ImGuiVisualizers\CommandConsole.cpp">
      <Filter>ImGuiVisualizers</Filter>
    </ClCompile>
    <ClCompile Include="ImGuiVisualizers\NexusFlowGraph.cpp">
      <Filter>ImGuiVisualizers</Filter>
    </ClCompile>
    <ClCompile Include="ImGuiVisualizers\NexusLogFilterState.cpp">
      <Filter>ImGuiVisualizers</Filter>
    </ClCompile>
    <ClCompile Include="ImGuiVisualizers\NexusLogVisualizer.cpp">
      <Filter>ImGuiVisualizers</Filter>
    </ClCompile>
    <ClCompile Include="Input\KeyboardShortcutManager.cpp">
      <Filter>Input</Filter>
    </ClCompile>
    <ClCompile Include="Main.cpp" />
    <ClCompile Include="NexusServerApp.cpp" />
    <ClCompile Include="Registration.cpp" />
    <ClCompile Include="Tests\ComponentSchedulerLoadTest.cpp">
      <Filter>Tests</Filter>
    </ClCompile>
    <ClCompile Include="UIWindowManager.cpp" />
  </ItemGroup>
</Project>